
Microsoft Visual Studio Solution File, Format Version 12.00
# Visual Studio Version 17
VisualStudioVersion = 17.5.002.0
MinimumVisualStudioVersion = 10.0.40219.1
Project("{9A19103F-16F7-4668-BE54-9A1E7A4F7556}") = "HospPrivate", "HospPrivate.csproj", "{A420EC88-1047-4862-8116-7568F6AEF4D3}"
EndProject
Global
	GlobalSection(SolutionConfigurationPlatforms) = preSolution
		Debug|Any CPU = Debug|Any CPU
		Release|Any CPU = Release|Any CPU
	EndGlobalSection
	GlobalSection(ProjectConfigurationPlatforms) = postSolution
		{A420EC88-1047-4862-8116-7568F6AEF4D3}.Debug|Any CPU.ActiveCfg = Debug|Any CPU
		{A420EC88-1047-4862-8116-7568F6AEF4D3}.Debug|Any CPU.Build.0 = Debug|Any CPU
		{A420EC88-1047-4862-8116-7568F6AEF4D3}.Release|Any CPU.ActiveCfg = Release|Any CPU
		{A420EC88-1047-4862-8116-7568F6AEF4D3}.Release|Any CPU.Build.0 = Release|Any CPU
	EndGlobalSection
	GlobalSection(SolutionProperties) = preSolution
		HideSolutionNode = FALSE
	EndGlobalSection
	GlobalSection(ExtensibilityGlobals) = postSolution
		SolutionGuid = {FF7A900C-F200-4603-AECC-71ED468FDC57}
	EndGlobalSection
EndGlobal
